<?xml version="1.0" encoding="utf-8"?>
<Project ToolsVersion="4.0" xmlns="http://schemas.microsoft.com/developer/msbuild/2003">
  <ItemGroup>
    <Filter Include="Source files">
      <UniqueIdentifier>{7b64d7fd-876b-4b9e-934d-6d472b282368}</UniqueIdentifier>
      <Extensions>cpp;c;cc;cxx;def;odl;idl;hpj;bat;asm;asmx</Extensions>
    </Filter>
    <Filter Include="Header files">
      <UniqueIdentifier>{1358aba9-a1ce-493b-9d6c-77e0a140e134}</UniqueIdentifier>
      <Extensions>h;hpp;hxx;hm;inl;inc;xsd</Extensions>
    </Filter>
    <Filter Include="Resource files">
      <UniqueIdentifier>{3af259ac-cb69-44cd-8d7e-07e88b2b91f7}</UniqueIdentifier>
      <Extensions>rc;ico;cur;bmp;dlg;rc2;rct;bin;rgs;gif;jpg;jpeg;jpe;resx;tiff;tif;png;wav</Extensions>
    </Filter>
    <Filter Include="Source files\Drivers">
      <UniqueIdentifier>{163abb6a-8c8d-4739-9bff-2952803dd4bf}</UniqueIdentifier>
    </Filter>
    <Filter Include="Source files\Drivers\CMSIS">
      <UniqueIdentifier>{3e233822-2a52-4c90-8afa-9133b454a1c9}</UniqueIdentifier>
    </Filter>
    <Filter Include="Source files\Drivers\STM32F1xx_HAL_Driver">
      <UniqueIdentifier>{bf0e8662-183a-41d6-8627-123623cb8f89}</UniqueIdentifier>
    </Filter>
    <Filter Include="Source files\Application">
      <UniqueIdentifier>{468f2a0a-e67f-4d39-a9e9-de1c95bc67f2}</UniqueIdentifier>
    </Filter>
    <Filter Include="Source files\Application\User">
      <UniqueIdentifier>{f37b3d2b-3212-4b82-bf18-114ca9bffcfe}</UniqueIdentifier>
    </Filter>
    <Filter Include="Source files\Application\User\Core">
      <UniqueIdentifier>{2dd99489-6f8e-40a2-ac66-0131fb96c96a}</UniqueIdentifier>
    </Filter>
    <Filter Include="Source files\Device-specific files">
      <UniqueIdentifier>{4873f7d2-ed68-458f-be66-85ff1aa12e39}</UniqueIdentifier>
    </Filter>
    <Filter Include="Header files\Drivers">
      <UniqueIdentifier>{c56b335f-e19b-4047-b172-fb2801904645}</UniqueIdentifier>
    </Filter>
    <Filter Include="Header files\Drivers\CMSIS">
      <UniqueIdentifier>{3585ed78-6087-492f-ad67-265810fe9bf3}</UniqueIdentifier>
    </Filter>
    <Filter Include="Header files\Drivers\STM32F1xx_HAL_Driver">
      <UniqueIdentifier>{076af75f-19b2-464c-b802-f054d6150336}</UniqueIdentifier>
    </Filter>
    <Filter Include="Header files\Application">
      <UniqueIdentifier>{de153661-0fd7-4fde-a91b-bb88450b30ca}</UniqueIdentifier>
    </Filter>
    <Filter Include="Header files\Application\User">
      <UniqueIdentifier>{d07007e1-d26a-479c-b61f-fe7e31ac2a74}</UniqueIdentifier>
    </Filter>
    <Filter Include="Header files\Application\User\Core">
      <UniqueIdentifier>{69fffb2f-1f3a-4f09-aad9-0713f29347ce}</UniqueIdentifier>
    </Filter>
    <Filter Include="Header files\Device-specific files">
      <UniqueIdentifier>{36271181-ddf0-421e-836b-d02f1d2102ea}</UniqueIdentifier>
    </Filter>
    <Filter Include="VisualGDB settings">
      <UniqueIdentifier>{daeda360-8abe-4ddf-a5ec-b091c43d92a2}</UniqueIdentifier>
    </Filter>
  </ItemGroup>
  <ItemGroup>
    <ClCompile Include="..\..\Core\Src\system_stm32f1xx.c">
      <Filter>Source files\Drivers\CMSIS</Filter>
    </ClCompile>
    <ClCompile Include="..\..\Drivers\STM32F1xx_HAL_Driver\Src\stm32f1xx_hal.c">
      <Filter>Source files\Drivers\STM32F1xx_HAL_Driver</Filter>
    </ClCompile>
    <ClCompile Include="..\..\Drivers\STM32F1xx_HAL_Driver\Src\stm32f1xx_hal_adc.c">
      <Filter>Source files\Drivers\STM32F1xx_HAL_Driver</Filter>
    </ClCompile>
    <ClCompile Include="..\..\Drivers\STM32F1xx_HAL_Driver\Src\stm32f1xx_hal_adc_ex.c">
      <Filter>Source files\Drivers\STM32F1xx_HAL_Driver</Filter>
    </ClCompile>
    <ClCompile Include="..\..\Drivers\STM32F1xx_HAL_Driver\Src\stm32f1xx_hal_cortex.c">
      <Filter>Source files\Drivers\STM32F1xx_HAL_Driver</Filter>
    </ClCompile>
    <ClCompile Include="..\..\Drivers\STM32F1xx_HAL_Driver\Src\stm32f1xx_hal_dma.c">
      <Filter>Source files\Drivers\STM32F1xx_HAL_Driver</Filter>
    </ClCompile>
    <ClCompile Include="..\..\Drivers\STM32F1xx_HAL_Driver\Src\stm32f1xx_hal_exti.c">
      <Filter>Source files\Drivers\STM32F1xx_HAL_Driver</Filter>
    </ClCompile>
    <ClCompile Include="..\..\Drivers\STM32F1xx_HAL_Driver\Src\stm32f1xx_hal_flash.c">
      <Filter>Source files\Drivers\STM32F1xx_HAL_Driver</Filter>
    </ClCompile>
    <ClCompile Include="..\..\Drivers\STM32F1xx_HAL_Driver\Src\stm32f1xx_hal_flash_ex.c">
      <Filter>Source files\Drivers\STM32F1xx_HAL_Driver</Filter>
    </ClCompile>
    <ClCompile Include="..\..\Drivers\STM32F1xx_HAL_Driver\Src\stm32f1xx_hal_gpio.c">
      <Filter>Source files\Drivers\STM32F1xx_HAL_Driver</Filter>
    </ClCompile>
    <ClCompile Include="..\..\Drivers\STM32F1xx_HAL_Driver\Src\stm32f1xx_hal_gpio_ex.c">
      <Filter>Source files\Drivers\STM32F1xx_HAL_Driver</Filter>
    </ClCompile>
    <ClCompile Include="..\..\Drivers\STM32F1xx_HAL_Driver\Src\stm32f1xx_hal_pwr.c">
      <Filter>Source files\Drivers\STM32F1xx_HAL_Driver</Filter>
    </ClCompile>
    <ClCompile Include="..\..\Drivers\STM32F1xx_HAL_Driver\Src\stm32f1xx_hal_rcc.c">
      <Filter>Source files\Drivers\STM32F1xx_HAL_Driver</Filter>
    </ClCompile>
    <ClCompile Include="..\..\Drivers\STM32F1xx_HAL_Driver\Src\stm32f1xx_hal_rcc_ex.c">
      <Filter>Source files\Drivers\STM32F1xx_HAL_Driver</Filter>
    </ClCompile>
    <ClCompile Include="..\..\Drivers\STM32F1xx_HAL_Driver\Src\stm32f1xx_hal_tim.c">
      <Filter>Source files\Drivers\STM32F1xx_HAL_Driver</Filter>
    </ClCompile>
    <ClCompile Include="..\..\Drivers\STM32F1xx_HAL_Driver\Src\stm32f1xx_hal_tim_ex.c">
      <Filter>Source files\Drivers\STM32F1xx_HAL_Driver</Filter>
    </ClCompile>
    <ClCompile Include="..\..\Drivers\STM32F1xx_HAL_Driver\Src\stm32f1xx_hal_uart.c">
      <Filter>Source files\Drivers\STM32F1xx_HAL_Driver</Filter>
    </ClCompile>
    <ClCompile Include="..\..\Core\Src\adc.c">
      <Filter>Source files\Application\User\Core</Filter>
    </ClCompile>
    <ClCompile Include="..\..\Core\Src\gpio.c">
      <Filter>Source files\Application\User\Core</Filter>
    </ClCompile>
    <ClCompile Include="..\..\Core\Src\main.c">
      <Filter>Source files\Application\User\Core</Filter>
    </ClCompile>
    <ClCompile Include="..\..\Core\Src\stm32f1xx_hal_msp.c">
      <Filter>Source files\Application\User\Core</Filter>
    </ClCompile>
    <ClCompile Include="..\..\Core\Src\stm32f1xx_it.c">
      <Filter>Source files\Application\User\Core</Filter>
    </ClCompile>
    <ClCompile Include="..\..\Core\Src\tim.c">
      <Filter>Source files\Application\User\Core</Filter>
    </ClCompile>
    <ClCompile Include="..\..\Core\Src\usart.c">
      <Filter>Source files\Application\User\Core</Filter>
    </ClCompile>
    <None Include="stm32.props">
      <Filter>Source files\Device-specific files</Filter>
    </None>
    <ClCompile Include="$(BSP_ROOT)\STM32F1xxxx\StartupFiles\startup_stm32f103xe.c">
      <Filter>Source files\Device-specific files</Filter>
    </ClCompile>
    <ClInclude Include="..\..\Drivers\STM32F1xx_HAL_Driver\Inc\Legacy\stm32_hal_legacy.h">
      <Filter>Header files</Filter>
    </ClInclude>
    <ClInclude Include="..\..\Drivers\STM32F1xx_HAL_Driver\Inc\stm32f1xx_hal.h">
      <Filter>Header files\Drivers\STM32F1xx_HAL_Driver</Filter>
    </ClInclude>
    <ClInclude Include="..\..\Drivers\STM32F1xx_HAL_Driver\Inc\stm32f1xx_hal_adc.h">
      <Filter>Header files\Drivers\STM32F1xx_HAL_Driver</Filter>
    </ClInclude>
    <ClInclude Include="..\..\Drivers\STM32F1xx_HAL_Driver\Inc\stm32f1xx_hal_adc_ex.h">
      <Filter>Header files\Drivers\STM32F1xx_HAL_Driver</Filter>
    </ClInclude>
    <ClInclude Include="..\..\Drivers\STM32F1xx_HAL_Driver\Inc\stm32f1xx_hal_cortex.h">
      <Filter>Header files\Drivers\STM32F1xx_HAL_Driver</Filter>
    </ClInclude>
    <ClInclude Include="..\..\Drivers\STM32F1xx_HAL_Driver\Inc\stm32f1xx_hal_def.h">
      <Filter>Header files\Drivers\STM32F1xx_HAL_Driver</Filter>
    </ClInclude>
    <ClInclude Include="..\..\Drivers\STM32F1xx_HAL_Driver\Inc\stm32f1xx_hal_dma.h">
      <Filter>Header files\Drivers\STM32F1xx_HAL_Driver</Filter>
    </ClInclude>
    <ClInclude Include="..\..\Drivers\STM32F1xx_HAL_Driver\Inc\stm32f1xx_hal_dma_ex.h">
      <Filter>Header files\Drivers\STM32F1xx_HAL_Driver</Filter>
    </ClInclude>
    <ClInclude Include="..\..\Drivers\STM32F1xx_HAL_Driver\Inc\stm32f1xx_hal_exti.h">
      <Filter>Header files\Drivers\STM32F1xx_HAL_Driver</Filter>
    </ClInclude>
    <ClInclude Include="..\..\Drivers\STM32F1xx_HAL_Driver\Inc\stm32f1xx_hal_flash.h">
      <Filter>Header files\Drivers\STM32F1xx_HAL_Driver</Filter>
    </ClInclude>
    <ClInclude Include="..\..\Drivers\STM32F1xx_HAL_Driver\Inc\stm32f1xx_hal_flash_ex.h">
      <Filter>Header files\Drivers\STM32F1xx_HAL_Driver</Filter>
    </ClInclude>
    <ClInclude Include="..\..\Drivers\STM32F1xx_HAL_Driver\Inc\stm32f1xx_hal_gpio.h">
      <Filter>Header files\Drivers\STM32F1xx_HAL_Driver</Filter>
    </ClInclude>
    <ClInclude Include="..\..\Drivers\STM32F1xx_HAL_Driver\Inc\stm32f1xx_hal_gpio_ex.h">
      <Filter>Header files\Drivers\STM32F1xx_HAL_Driver</Filter>
    </ClInclude>
    <ClInclude Include="..\..\Drivers\STM32F1xx_HAL_Driver\Inc\stm32f1xx_hal_pwr.h">
      <Filter>Header files\Drivers\STM32F1xx_HAL_Driver</Filter>
    </ClInclude>
    <ClInclude Include="..\..\Drivers\STM32F1xx_HAL_Driver\Inc\stm32f1xx_hal_rcc.h">
      <Filter>Header files\Drivers\STM32F1xx_HAL_Driver</Filter>
    </ClInclude>
    <ClInclude Include="..\..\Drivers\STM32F1xx_HAL_Driver\Inc\stm32f1xx_hal_rcc_ex.h">
      <Filter>Header files\Drivers\STM32F1xx_HAL_Driver</Filter>
    </ClInclude>
    <ClInclude Include="..\..\Drivers\STM32F1xx_HAL_Driver\Inc\stm32f1xx_hal_tim.h">
      <Filter>Header files\Drivers\STM32F1xx_HAL_Driver</Filter>
    </ClInclude>
    <ClInclude Include="..\..\Drivers\STM32F1xx_HAL_Driver\Inc\stm32f1xx_hal_tim_ex.h">
      <Filter>Header files\Drivers\STM32F1xx_HAL_Driver</Filter>
    </ClInclude>
    <ClInclude Include="..\..\Drivers\STM32F1xx_HAL_Driver\Inc\stm32f1xx_hal_uart.h">
      <Filter>Header files\Drivers\STM32F1xx_HAL_Driver</Filter>
    </ClInclude>
    <ClInclude Include="..\..\Drivers\STM32F1xx_HAL_Driver\Inc\stm32f1xx_ll_adc.h">
      <Filter>Header files\Drivers\STM32F1xx_HAL_Driver</Filter>
    </ClInclude>
    <ClInclude Include="..\..\Drivers\STM32F1xx_HAL_Driver\Inc\stm32f1xx_ll_bus.h">
      <Filter>Header files\Drivers\STM32F1xx_HAL_Driver</Filter>
    </ClInclude>
    <ClInclude Include="..\..\Drivers\STM32F1xx_HAL_Driver\Inc\stm32f1xx_ll_cortex.h">
      <Filter>Header files\Drivers\STM32F1xx_HAL_Driver</Filter>
    </ClInclude>
    <ClInclude Include="..\..\Drivers\STM32F1xx_HAL_Driver\Inc\stm32f1xx_ll_dma.h">
      <Filter>Header files\Drivers\STM32F1xx_HAL_Driver</Filter>
    </ClInclude>
    <ClInclude Include="..\..\Drivers\STM32F1xx_HAL_Driver\Inc\stm32f1xx_ll_exti.h">
      <Filter>Header files\Drivers\STM32F1xx_HAL_Driver</Filter>
    </ClInclude>
    <ClInclude Include="..\..\Drivers\STM32F1xx_HAL_Driver\Inc\stm32f1xx_ll_gpio.h">
      <Filter>Header files\Drivers\STM32F1xx_HAL_Driver</Filter>
    </ClInclude>
    <ClInclude Include="..\..\Drivers\STM32F1xx_HAL_Driver\Inc\stm32f1xx_ll_pwr.h">
      <Filter>Header files\Drivers\STM32F1xx_HAL_Driver</Filter>
    </ClInclude>
    <ClInclude Include="..\..\Drivers\STM32F1xx_HAL_Driver\Inc\stm32f1xx_ll_rcc.h">
      <Filter>Header files\Drivers\STM32F1xx_HAL_Driver</Filter>
    </ClInclude>
    <ClInclude Include="..\..\Drivers\STM32F1xx_HAL_Driver\Inc\stm32f1xx_ll_system.h">
      <Filter>Header files\Drivers\STM32F1xx_HAL_Driver</Filter>
    </ClInclude>
    <ClInclude Include="..\..\Drivers\STM32F1xx_HAL_Driver\Inc\stm32f1xx_ll_tim.h">
      <Filter>Header files\Drivers\STM32F1xx_HAL_Driver</Filter>
    </ClInclude>
    <ClInclude Include="..\..\Drivers\STM32F1xx_HAL_Driver\Inc\stm32f1xx_ll_usart.h">
      <Filter>Header files\Drivers\STM32F1xx_HAL_Driver</Filter>
    </ClInclude>
    <ClInclude Include="..\..\Drivers\STM32F1xx_HAL_Driver\Inc\stm32f1xx_ll_utils.h">
      <Filter>Header files\Drivers\STM32F1xx_HAL_Driver</Filter>
    </ClInclude>
    <ClInclude Include="..\..\Core\Inc\adc.h">
      <Filter>Header files\Application\User\Core</Filter>
    </ClInclude>
    <ClInclude Include="..\..\Core\Inc\gpio.h">
      <Filter>Header files\Application\User\Core</Filter>
    </ClInclude>
    <ClInclude Include="..\..\Core\Inc\main.h">
      <Filter>Header files\Application\User\Core</Filter>
    </ClInclude>
    <ClInclude Include="..\..\Core\Inc\stm32f1xx_hal_conf.h">
      <Filter>Header files\Application\User\Core</Filter>
    </ClInclude>
    <ClInclude Include="..\..\Core\Inc\stm32f1xx_it.h">
      <Filter>Header files\Application\User\Core</Filter>
    </ClInclude>
    <ClInclude Include="..\..\Core\Inc\tim.h">
      <Filter>Header files\Application\User\Core</Filter>
    </ClInclude>
    <ClInclude Include="..\..\Core\Inc\usart.h">
      <Filter>Header files\Application\User\Core</Filter>
    </ClInclude>
    <None Include="Radar-Debug.vgdbsettings">
      <Filter>VisualGDB settings</Filter>
    </None>
    <None Include="Radar-Release.vgdbsettings">
      <Filter>VisualGDB settings</Filter>
    </None>
    <None Include="stm32.xml">
      <Filter>VisualGDB settings</Filter>
    </None>
  </ItemGroup>
</Project>